
Microsoft Visual Studio Solution File, Format Version 12.00
# Visual Studio Version 17
VisualStudioVersion = 17.14.37111.16
MinimumVisualStudioVersion = 10.0.40219.1
Project("{FAE04EC0-301F-11D3-BF4B-00C04F79EFBC}") = "PharmacyProjectApi", "PharmacyProjectApi\PharmacyProjectApi.csproj", "{DA809CEE-E219-4548-AC1B-3789E8F385EF}"
EndProject
Project("{FAE04EC0-301F-11D3-BF4B-00C04F79EFBC}") = "Pharmacy.Application", "Pharmacy.Application\Pharmacy.Application.csproj", "{CA945565-043D-4DCF-A29C-39038CFF039A}"
EndProject
Project("{FAE04EC0-301F-11D3-BF4B-00C04F79EFBC}") = "Pharmacy.Domain", "Pharmacy.Domain\Pharmacy.Domain.csproj", "{EE0761C9-797E-4EDE-A3D3-A9B384057696}"
EndProject
Project("{FAE04EC0-301F-11D3-BF4B-00C04F79EFBC}") = "Pharmacy.Infrastructure", "Pharmacy.Infrastructure\Pharmacy.Infrastructure.csproj", "{B606AFB4-B6C5-444E-9E7B-821E374D4A90}"
EndProject
Project("{FAE04EC0-301F-11D3-BF4B-00C04F79EFBC}") = "Pharmacy.Contracts", "Pharmacy.Contracts\Pharmacy.Contracts.csproj", "{89418F19-874B-4C54-9F50-00EA1C5A3CB0}"
EndProject
Project("{FAE04EC0-301F-11D3-BF4B-00C04F79EFBC}") = "Pharmacy.WinForms", "Pharmacy.WinForms\Pharmacy.WinForms.csproj", "{24F7F977-D041-48AD-A7A0-DB2C2E62C6F1}"
EndProject
Project("{FAE04EC0-301F-11D3-BF4B-00C04F79EFBC}") = "Pharmacy.IntegrationTests", "Pharmacy.IntegrationTests\Pharmacy.IntegrationTests.csproj", "{E782323E-5A0E-4798-AFB5-73D02BC1C190}"
EndProject
Global
	GlobalSection(SolutionConfigurationPlatforms) = preSolution
		Debug|Any CPU = Debug|Any CPU
		Debug|x64 = Debug|x64
		Debug|x86 = Debug|x86
		Release|Any CPU = Release|Any CPU
		Release|x64 = Release|x64
		Release|x86 = Release|x86
	EndGlobalSection
	GlobalSection(ProjectConfigurationPlatforms) = postSolution
		{DA809CEE-E219-4548-AC1B-3789E8F385EF}.Debug|Any CPU.ActiveCfg = Debug|Any CPU
		{DA809CEE-E219-4548-AC1B-3789E8F385EF}.Debug|Any CPU.Build.0 = Debug|Any CPU
		{DA809CEE-E219-4548-AC1B-3789E8F385EF}.Debug|x64.ActiveCfg = Debug|Any CPU
		{DA809CEE-E219-4548-AC1B-3789E8F385EF}.Debug|x64.Build.0 = Debug|Any CPU
		{DA809CEE-E219-4548-AC1B-3789E8F385EF}.Debug|x86.ActiveCfg = Debug|Any CPU
		{DA809CEE-E219-4548-AC1B-3789E8F385EF}.Debug|x86.Build.0 = Debug|Any CPU
		{DA809CEE-E219-4548-AC1B-3789E8F385EF}.Release|Any CPU.ActiveCfg = Release|Any CPU
		{DA809CEE-E219-4548-AC1B-3789E8F385EF}.Release|Any CPU.Build.0 = Release|Any CPU
		{DA809CEE-E219-4548-AC1B-3789E8F385EF}.Release|x64.ActiveCfg = Release|Any CPU
		{DA809CEE-E219-4548-AC1B-3789E8F385EF}.Release|x64.Build.0 = Release|Any CPU
		{DA809CEE-E219-4548-AC1B-3789E8F385EF}.Release|x86.ActiveCfg = Release|Any CPU
		{DA809CEE-E219-4548-AC1B-3789E8F385EF}.Release|x86.Build.0 = Release|Any CPU
		{CA945565-043D-4DCF-A29C-39038CFF039A}.Debug|Any CPU.ActiveCfg = Debug|Any CPU
		{CA945565-043D-4DCF-A29C-39038CFF039A}.Debug|Any CPU.Build.0 = Debug|Any CPU
		{CA945565-043D-4DCF-A29C-39038CFF039A}.Debug|x64.ActiveCfg = Debug|Any CPU
		{CA945565-043D-4DCF-A29C-39038CFF039A}.Debug|x64.Build.0 = Debug|Any CPU
		{CA945565-043D-4DCF-A29C-39038CFF039A}.Debug|x86.ActiveCfg = Debug|Any CPU
		{CA945565-043D-4DCF-A29C-39038CFF039A}.Debug|x86.Build.0 = Debug|Any CPU
		{CA945565-043D-4DCF-A29C-39038CFF039A}.Release|Any CPU.ActiveCfg = Release|Any CPU
		{CA945565-043D-4DCF-A29C-39038CFF039A}.Release|Any CPU.Build.0 = Release|Any CPU
		{CA945565-043D-4DCF-A29C-39038CFF039A}.Release|x64.ActiveCfg = Release|Any CPU
		{CA945565-043D-4DCF-A29C-39038CFF039A}.Release|x64.Build.0 = Release|Any CPU
		{CA945565-043D-4DCF-A29C-39038CFF039A}.Release|x86.ActiveCfg = Release|Any CPU
		{CA945565-043D-4DCF-A29C-39038CFF039A}.Release|x86.Build.0 = Release|Any CPU
		{EE0761C9-797E-4EDE-A3D3-A9B384057696}.Debug|Any CPU.ActiveCfg = Debug|Any CPU
		{EE0761C9-797E-4EDE-A3D3-A9B384057696}.Debug|Any CPU.Build.0 = Debug|Any CPU
		{EE0761C9-797E-4EDE-A3D3-A9B384057696}.Debug|x64.ActiveCfg = Debug|Any CPU
		{EE0761C9-797E-4EDE-A3D3-A9B384057696}.Debug|x64.Build.0 = Debug|Any CPU
		{EE0761C9-797E-4EDE-A3D3-A9B384057696}.Debug|x86.ActiveCfg = Debug|Any CPU
		{EE0761C9-797E-4EDE-A3D3-A9B384057696}.Debug|x86.Build.0 = Debug|Any CPU
		{EE0761C9-797E-4EDE-A3D3-A9B384057696}.Release|Any CPU.ActiveCfg = Release|Any CPU
		{EE0761C9-797E-4EDE-A3D3-A9B384057696}.Release|Any CPU.Build.0 = Release|Any CPU
		{EE0761C9-797E-4EDE-A3D3-A9B384057696}.Release|x64.ActiveCfg = Release|Any CPU
		{EE0761C9-797E-4EDE-A3D3-A9B384057696}.Release|x64.Build.0 = Release|Any CPU
		{EE0761C9-797E-4EDE-A3D3-A9B384057696}.Release|x86.ActiveCfg = Release|Any CPU
		{EE0761C9-797E-4EDE-A3D3-A9B384057696}.Release|x86.Build.0 = Release|Any CPU
		{B606AFB4-B6C5-444E-9E7B-821E374D4A90}.Debug|Any CPU.ActiveCfg = Debug|Any CPU
		{B606AFB4-B6C5-444E-9E7B-821E374D4A90}.Debug|Any CPU.Build.0 = Debug|Any CPU
		{B606AFB4-B6C5-444E-9E7B-821E374D4A90}.Debug|x64.ActiveCfg = Debug|Any CPU
		{B606AFB4-B6C5-444E-9E7B-821E374D4A90}.Debug|x64.Build.0 = Debug|Any CPU
		{B606AFB4-B6C5-444E-9E7B-821E374D4A90}.Debug|x86.ActiveCfg = Debug|Any CPU
		{B606AFB4-B6C5-444E-9E7B-821E374D4A90}.Debug|x86.Build.0 = Debug|Any CPU
		{B606AFB4-B6C5-444E-9E7B-821E374D4A90}.Release|Any CPU.ActiveCfg = Release|Any CPU
		{B606AFB4-B6C5-444E-9E7B-821E374D4A90}.Release|Any CPU.Build.0 = Release|Any CPU
		{B606AFB4-B6C5-444E-9E7B-821E374D4A90}.Release|x64.ActiveCfg = Release|Any CPU
		{B606AFB4-B6C5-444E-9E7B-821E374D4A90}.Release|x64.Build.0 = Release|Any CPU
		{B606AFB4-B6C5-444E-9E7B-821E374D4A90}.Release|x86.ActiveCfg = Release|Any CPU
		{B606AFB4-B6C5-444E-9E7B-821E374D4A90}.Release|x86.Build.0 = Release|Any CPU
		{89418F19-874B-4C54-9F50-00EA1C5A3CB0}.Debug|Any CPU.ActiveCfg = Debug|Any CPU
		{89418F19-874B-4C54-9F50-00EA1C5A3CB0}.Debug|Any CPU.Build.0 = Debug|Any CPU
		{89418F19-874B-4C54-9F50-00EA1C5A3CB0}.Debug|x64.ActiveCfg = Debug|Any CPU
		{89418F19-874B-4C54-9F50-00EA1C5A3CB0}.Debug|x64.Build.0 = Debug|Any CPU
		{89418F19-874B-4C54-9F50-00EA1C5A3CB0}.Debug|x86.ActiveCfg = Debug|Any CPU
		{89418F19-874B-4C54-9F50-00EA1C5A3CB0}.Debug|x86.Build.0 = Debug|Any CPU
		{89418F19-874B-4C54-9F50-00EA1C5A3CB0}.Release|Any CPU.ActiveCfg = Release|Any CPU
		{89418F19-874B-4C54-9F50-00EA1C5A3CB0}.Release|Any CPU.Build.0 = Release|Any CPU
		{89418F19-874B-4C54-9F50-00EA1C5A3CB0}.Release|x64.ActiveCfg = Release|Any CPU
		{89418F19-874B-4C54-9F50-00EA1C5A3CB0}.Release|x64.Build.0 = Release|Any CPU
		{89418F19-874B-4C54-9F50-00EA1C5A3CB0}.Release|x86.ActiveCfg = Release|Any CPU
		{89418F19-874B-4C54-9F50-00EA1C5A3CB0}.Release|x86.Build.0 = Release|Any CPU
		{24F7F977-D041-48AD-A7A0-DB2C2E62C6F1}.Debug|Any CPU.ActiveCfg = Debug|Any CPU
		{24F7F977-D041-48AD-A7A0-DB2C2E62C6F1}.Debug|Any CPU.Build.0 = Debug|Any CPU
		{24F7F977-D041-48AD-A7A0-DB2C2E62C6F1}.Debug|x64.ActiveCfg = Debug|Any CPU
		{24F7F977-D041-48AD-A7A0-DB2C2E62C6F1}.Debug|x64.Build.0 = Debug|Any CPU
		{24F7F977-D041-48AD-A7A0-DB2C2E62C6F1}.Debug|x86.ActiveCfg = Debug|Any CPU
		{24F7F977-D041-48AD-A7A0-DB2C2E62C6F1}.Debug|x86.Build.0 = Debug|Any CPU
		{24F7F977-D041-48AD-A7A0-DB2C2E62C6F1}.Release|Any CPU.ActiveCfg = Release|Any CPU
		{24F7F977-D041-48AD-A7A0-DB2C2E62C6F1}.Release|Any CPU.Build.0 = Release|Any CPU
		{24F7F977-D041-48AD-A7A0-DB2C2E62C6F1}.Release|x64.ActiveCfg = Release|Any CPU
		{24F7F977-D041-48AD-A7A0-DB2C2E62C6F1}.Release|x64.Build.0 = Release|Any CPU
		{24F7F977-D041-48AD-A7A0-DB2C2E62C6F1}.Release|x86.ActiveCfg = Release|Any CPU
		{24F7F977-D041-48AD-A7A0-DB2C2E62C6F1}.Release|x86.Build.0 = Release|Any CPU
		{E782323E-5A0E-4798-AFB5-73D02BC1C190}.Debug|Any CPU.ActiveCfg = Debug|Any CPU
		{E782323E-5A0E-4798-AFB5-73D02BC1C190}.Debug|Any CPU.Build.0 = Debug|Any CPU
		{E782323E-5A0E-4798-AFB5-73D02BC1C190}.Debug|x64.ActiveCfg = Debug|Any CPU
		{E782323E-5A0E-4798-AFB5-73D02BC1C190}.Debug|x64.Build.0 = Debug|Any CPU
		{E782323E-5A0E-4798-AFB5-73D02BC1C190}.Debug|x86.ActiveCfg = Debug|Any CPU
		{E782323E-5A0E-4798-AFB5-73D02BC1C190}.Debug|x86.Build.0 = Debug|Any CPU
		{E782323E-5A0E-4798-AFB5-73D02BC1C190}.Release|Any CPU.ActiveCfg = Release|Any CPU
		{E782323E-5A0E-4798-AFB5-73D02BC1C190}.Release|Any CPU.Build.0 = Release|Any CPU
		{E782323E-5A0E-4798-AFB5-73D02BC1C190}.Release|x64.ActiveCfg = Release|Any CPU
		{E782323E-5A0E-4798-AFB5-73D02BC1C190}.Release|x64.Build.0 = Release|Any CPU
		{E782323E-5A0E-4798-AFB5-73D02BC1C190}.Release|x86.ActiveCfg = Release|Any CPU
		{E782323E-5A0E-4798-AFB5-73D02BC1C190}.Release|x86.Build.0 = Release|Any CPU
	EndGlobalSection
	GlobalSection(SolutionProperties) = preSolution
		HideSolutionNode = FALSE
	EndGlobalSection
	GlobalSection(ExtensibilityGlobals) = postSolution
		SolutionGuid = {9D64F9DB-F92C-48B1-9772-9DB014919806}
	EndGlobalSection
EndGlobal
